
Microsoft Visual Studio Solution File, Format Version 11.00
# Visual Studio 2010
Project("{FAE04EC0-301F-11D3-BF4B-00C04F79EFBC}") = "Assembly-CSharp", "Assembly-CSharp.csproj", "{F95B475E-B063-6554-4521-E3BFCAD11BD7}"
EndProject
Project("{FAE04EC0-301F-11D3-BF4B-00C04F79EFBC}") = "Assembly-CSharp-firstpass", "Assembly-CSharp-firstpass.csproj", "{9A5BA062-18D8-0B8E-687B-E7283A3F77F7}"
EndProject
Project("{FAE04EC0-301F-11D3-BF4B-00C04F79EFBC}") = "Assembly-CSharp-Editor-firstpass", "Assembly-CSharp-Editor-firstpass.csproj", "{1E89D598-3DE3-DB68-15A2-24791C810222}"
EndProject
Project("{FAE04EC0-301F-11D3-BF4B-00C04F79EFBC}") = "Assembly-CSharp-Editor", "Assembly-CSharp-Editor.csproj", "{84755E44-C1BC-DE9A-F3E3-896A8E02B1C6}"
EndProject
Global
	GlobalSection(SolutionConfigurationPlatforms) = preSolution
		Debug|Any CPU = Debug|Any CPU
		Release|Any CPU = Release|Any CPU
	EndGlobalSection
	GlobalSection(ProjectConfigurationPlatforms) = postSolution
		{F95B475E-B063-6554-4521-E3BFCAD11BD7}.Debug|Any CPU.ActiveCfg = Debug|Any CPU
		{F95B475E-B063-6554-4521-E3BFCAD11BD7}.Debug|Any CPU.Build.0 = Debug|Any CPU
		{F95B475E-B063-6554-4521-E3BFCAD11BD7}.Release|Any CPU.ActiveCfg = Release|Any CPU
		{F95B475E-B063-6554-4521-E3BFCAD11BD7}.Release|Any CPU.Build.0 = Release|Any CPU
		{9A5BA062-18D8-0B8E-687B-E7283A3F77F7}.Debug|Any CPU.ActiveCfg = Debug|Any CPU
		{9A5BA062-18D8-0B8E-687B-E7283A3F77F7}.Debug|Any CPU.Build.0 = Debug|Any CPU
		{9A5BA062-18D8-0B8E-687B-E7283A3F77F7}.Release|Any CPU.ActiveCfg = Release|Any CPU
		{9A5BA062-18D8-0B8E-687B-E7283A3F77F7}.Release|Any CPU.Build.0 = Release|Any CPU
		{1E89D598-3DE3-DB68-15A2-24791C810222}.Debug|Any CPU.ActiveCfg = Debug|Any CPU
		{1E89D598-3DE3-DB68-15A2-24791C810222}.Debug|Any CPU.Build.0 = Debug|Any CPU
		{1E89D598-3DE3-DB68-15A2-24791C810222}.Release|Any CPU.ActiveCfg = Release|Any CPU
		{1E89D598-3DE3-DB68-15A2-24791C810222}.Release|Any CPU.Build.0 = Release|Any CPU
		{84755E44-C1BC-DE9A-F3E3-896A8E02B1C6}.Debug|Any CPU.ActiveCfg = Debug|Any CPU
		{84755E44-C1BC-DE9A-F3E3-896A8E02B1C6}.Debug|Any CPU.Build.0 = Debug|Any CPU
		{84755E44-C1BC-DE9A-F3E3-896A8E02B1C6}.Release|Any CPU.ActiveCfg = Release|Any CPU
		{84755E44-C1BC-DE9A-F3E3-896A8E02B1C6}.Release|Any CPU.Build.0 = Release|Any CPU
	EndGlobalSection
	GlobalSection(SolutionProperties) = preSolution
		HideSolutionNode = FALSE
	EndGlobalSection
EndGlobal
